// !$*UTF8*$!
{
	archiveVersion = 1;
	classes = {
	};
	objectVersion = 56;
	objects = {

/* Begin PBXBuildFile section */
		443D6B3329E0065A00416579 /* Services in Frameworks */ = {isa = PBXBuildFile; productRef = 443D6B3229E0065A00416579 /* Services */; };
		443D6B3E29E00B0700416579 /* SnapKit in Frameworks */ = {isa = PBXBuildFile; productRef = 443D6B3D29E00B0700416579 /* SnapKit */; };
		443D6B4029E0115400416579 /* MapViewController.swift in Sources */ = {isa = PBXBuildFile; fileRef = 443D6B3F29E0115400416579 /* MapViewController.swift */; };
		443D6B4229E0115C00416579 /* MapViewModel.swift in Sources */ = {isa = PBXBuildFile; fileRef = 443D6B4129E0115C00416579 /* MapViewModel.swift */; };
		443D6B4429E0116300416579 /* MapFactory.swift in Sources */ = {isa = PBXBuildFile; fileRef = 443D6B4329E0116300416579 /* MapFactory.swift */; };
		443D6B4729E011A800416579 /* MapResources.swift in Sources */ = {isa = PBXBuildFile; fileRef = 443D6B4629E011A800416579 /* MapResources.swift */; };
		443D6B4F29E1F79600416579 /* UserAnnotation.swift in Sources */ = {isa = PBXBuildFile; fileRef = 443D6B4E29E1F79600416579 /* UserAnnotation.swift */; };
		443D6B5129E1F7CA00416579 /* UserAnnotationView.swift in Sources */ = {isa = PBXBuildFile; fileRef = 443D6B5029E1F7CA00416579 /* UserAnnotationView.swift */; };
		443D6B5529E359A900416579 /* AddressesHelper.swift in Sources */ = {isa = PBXBuildFile; fileRef = 443D6B5429E359A900416579 /* AddressesHelper.swift */; };
		443D6B7329E3628200416579 /* AddressesHelperTests.swift in Sources */ = {isa = PBXBuildFile; fileRef = 443D6B7229E3628200416579 /* AddressesHelperTests.swift */; };
		443D6B7429E362F500416579 /* AddressesHelper.swift in Sources */ = {isa = PBXBuildFile; fileRef = 443D6B5429E359A900416579 /* AddressesHelper.swift */; };
		443D6B7829E3696D00416579 /* Kingfisher in Frameworks */ = {isa = PBXBuildFile; productRef = 443D6B7729E3696D00416579 /* Kingfisher */; };
		44FDAB3F29DC8F2D00395457 /* AppDelegate.swift in Sources */ = {isa = PBXBuildFile; fileRef = 44FDAB3E29DC8F2D00395457 /* AppDelegate.swift */; };
		44FDAB4829DC8F2F00395457 /* Assets.xcassets in Resources */ = {isa = PBXBuildFile; fileRef = 44FDAB4729DC8F2F00395457 /* Assets.xcassets */; };
		44FDAB4B29DC8F2F00395457 /* LaunchScreen.storyboard in Resources */ = {isa = PBXBuildFile; fileRef = 44FDAB4929DC8F2F00395457 /* LaunchScreen.storyboard */; };
/* End PBXBuildFile section */

/* Begin PBXContainerItemProxy section */
		443D6B6B29E3624E00416579 /* PBXContainerItemProxy */ = {
			isa = PBXContainerItemProxy;
			containerPortal = 44FDAB3329DC8F2D00395457 /* Project object */;
			proxyType = 1;
			remoteGlobalIDString = 44FDAB3A29DC8F2D00395457;
			remoteInfo = printful_internal;
		};
/* End PBXContainerItemProxy section */

/* Begin PBXFileReference section */
		443D6B3029E002AB00416579 /* Services */ = {isa = PBXFileReference; lastKnownFileType = text; path = Services; sourceTree = SOURCE_ROOT; };
		443D6B3F29E0115400416579 /* MapViewController.swift */ = {isa = PBXFileReference; lastKnownFileType = sourcecode.swift; path = MapViewController.swift; sourceTree = "<group>"; };
		443D6B4129E0115C00416579 /* MapViewModel.swift */ = {isa = PBXFileReference; lastKnownFileType = sourcecode.swift; path = MapViewModel.swift; sourceTree = "<group>"; };
		443D6B4329E0116300416579 /* MapFactory.swift */ = {isa = PBXFileReference; lastKnownFileType = sourcecode.swift; path = MapFactory.swift; sourceTree = "<group>"; };
		443D6B4629E011A800416579 /* MapResources.swift */ = {isa = PBXFileReference; lastKnownFileType = sourcecode.swift; path = MapResources.swift; sourceTree = "<group>"; };
		443D6B4E29E1F79600416579 /* UserAnnotation.swift */ = {isa = PBXFileReference; lastKnownFileType = sourcecode.swift; path = UserAnnotation.swift; sourceTree = "<group>"; };
		443D6B5029E1F7CA00416579 /* UserAnnotationView.swift */ = {isa = PBXFileReference; lastKnownFileType = sourcecode.swift; path = UserAnnotationView.swift; sourceTree = "<group>"; };
		443D6B5429E359A900416579 /* AddressesHelper.swift */ = {isa = PBXFileReference; lastKnownFileType = sourcecode.swift; path = AddressesHelper.swift; sourceTree = "<group>"; };
		443D6B6729E3624E00416579 /* Tests.xctest */ = {isa = PBXFileReference; explicitFileType = wrapper.cfbundle; includeInIndex = 0; path = Tests.xctest; sourceTree = BUILT_PRODUCTS_DIR; };
		443D6B7229E3628200416579 /* AddressesHelperTests.swift */ = {isa = PBXFileReference; lastKnownFileType = sourcecode.swift; path = AddressesHelperTests.swift; sourceTree = "<group>"; };
		443D6B7529E3639100416579 /* Tests-Bridging-Header.h */ = {isa = PBXFileReference; lastKnownFileType = sourcecode.c.h; path = "Tests-Bridging-Header.h"; sourceTree = "<group>"; };
		44FDAB3B29DC8F2D00395457 /* printful_internal.app */ = {isa = PBXFileReference; explicitFileType = wrapper.application; includeInIndex = 0; path = printful_internal.app; sourceTree = BUILT_PRODUCTS_DIR; };
		44FDAB3E29DC8F2D00395457 /* AppDelegate.swift */ = {isa = PBXFileReference; lastKnownFileType = sourcecode.swift; path = AppDelegate.swift; sourceTree = "<group>"; };
		44FDAB4729DC8F2F00395457 /* Assets.xcassets */ = {isa = PBXFileReference; lastKnownFileType = folder.assetcatalog; path = Assets.xcassets; sourceTree = "<group>"; };
		44FDAB4A29DC8F2F00395457 /* Base */ = {isa = PBXFileReference; lastKnownFileType = file.storyboard; name = Base; path = Base.lproj/LaunchScreen.storyboard; sourceTree = "<group>"; };
		44FDAB4C29DC8F2F00395457 /* Info.plist */ = {isa = PBXFileReference; lastKnownFileType = text.plist.xml; path = Info.plist; sourceTree = "<group>"; };
/* End PBXFileReference section */

/* Begin PBXFrameworksBuildPhase section */
		443D6B6429E3624E00416579 /* Frameworks */ = {
			isa = PBXFrameworksBuildPhase;
			buildActionMask = 2147483647;
			files = (
			);
			runOnlyForDeploymentPostprocessing = 0;
		};
		44FDAB3829DC8F2D00395457 /* Frameworks */ = {
			isa = PBXFrameworksBuildPhase;
			buildActionMask = 2147483647;
			files = (
				443D6B7829E3696D00416579 /* Kingfisher in Frameworks */,
				443D6B3329E0065A00416579 /* Services in Frameworks */,
				443D6B3E29E00B0700416579 /* SnapKit in Frameworks */,
			);
			runOnlyForDeploymentPostprocessing = 0;
		};
/* End PBXFrameworksBuildPhase section */

/* Begin PBXGroup section */
		443D6B4529E0116700416579 /* MapViewController */ = {
			isa = PBXGroup;
			children = (
				443D6B4829E1E4D100416579 /* SubModules */,
				443D6B4329E0116300416579 /* MapFactory.swift */,
				443D6B4629E011A800416579 /* MapResources.swift */,
				443D6B4129E0115C00416579 /* MapViewModel.swift */,
				443D6B3F29E0115400416579 /* MapViewController.swift */,
			);
			path = MapViewController;
			sourceTree = "<group>";
		};
		443D6B4829E1E4D100416579 /* SubModules */ = {
			isa = PBXGroup;
			children = (
				443D6B5229E3567400416579 /* UserAnnotationView */,
			);
			path = SubModules;
			sourceTree = "<group>";
		};
		443D6B5229E3567400416579 /* UserAnnotationView */ = {
			isa = PBXGroup;
			children = (
				443D6B4E29E1F79600416579 /* UserAnnotation.swift */,
				443D6B5029E1F7CA00416579 /* UserAnnotationView.swift */,
			);
			path = UserAnnotationView;
			sourceTree = "<group>";
		};
		443D6B5329E3599200416579 /* Helpers */ = {
			isa = PBXGroup;
			children = (
				443D6B5429E359A900416579 /* AddressesHelper.swift */,
			);
			path = Helpers;
			sourceTree = "<group>";
		};
		443D6B6829E3624E00416579 /* Tests */ = {
			isa = PBXGroup;
			children = (
				443D6B7029E3625F00416579 /* Helpers */,
			);
			path = Tests;
			sourceTree = "<group>";
		};
		443D6B7029E3625F00416579 /* Helpers */ = {
			isa = PBXGroup;
			children = (
				443D6B7229E3628200416579 /* AddressesHelperTests.swift */,
				443D6B7529E3639100416579 /* Tests-Bridging-Header.h */,
			);
			path = Helpers;
			sourceTree = "<group>";
		};
		44FDAB3229DC8F2D00395457 = {
			isa = PBXGroup;
			children = (
				44FDAB3D29DC8F2D00395457 /* printful_internal */,
				443D6B6829E3624E00416579 /* Tests */,
				443D6B3029E002AB00416579 /* Services */,
				44FDAB3C29DC8F2D00395457 /* Products */,
			);
			sourceTree = "<group>";
		};
		44FDAB3C29DC8F2D00395457 /* Products */ = {
			isa = PBXGroup;
			children = (
				44FDAB3B29DC8F2D00395457 /* printful_internal.app */,
				443D6B6729E3624E00416579 /* Tests.xctest */,
			);
			name = Products;
			sourceTree = "<group>";
		};
		44FDAB3D29DC8F2D00395457 /* printful_internal */ = {
			isa = PBXGroup;
			children = (
				44FDAB3E29DC8F2D00395457 /* AppDelegate.swift */,
				443D6B5329E3599200416579 /* Helpers */,
				443D6B4529E0116700416579 /* MapViewController */,
				44FDAB4729DC8F2F00395457 /* Assets.xcassets */,
				44FDAB4929DC8F2F00395457 /* LaunchScreen.storyboard */,
				44FDAB4C29DC8F2F00395457 /* Info.plist */,
			);
			path = printful_internal;
			sourceTree = "<group>";
		};
/* End PBXGroup section */

/* Begin PBXNativeTarget section */
		443D6B6629E3624E00416579 /* Tests */ = {
			isa = PBXNativeTarget;
			buildConfigurationList = 443D6B6D29E3624E00416579 /* Build configuration list for PBXNativeTarget "Tests" */;
			buildPhases = (
				443D6B6329E3624E00416579 /* Sources */,
				443D6B6429E3624E00416579 /* Frameworks */,
				443D6B6529E3624E00416579 /* Resources */,
			);
			buildRules = (
			);
			dependencies = (
				443D6B6C29E3624E00416579 /* PBXTargetDependency */,
			);
			name = Tests;
			productName = Tests;
			productReference = 443D6B6729E3624E00416579 /* Tests.xctest */;
			productType = "com.apple.product-type.bundle.unit-test";
		};
		44FDAB3A29DC8F2D00395457 /* printful_internal */ = {
			isa = PBXNativeTarget;
			buildConfigurationList = 44FDAB4F29DC8F2F00395457 /* Build configuration list for PBXNativeTarget "printful_internal" */;
			buildPhases = (
				44FDAB3729DC8F2D00395457 /* Sources */,
				44FDAB3829DC8F2D00395457 /* Frameworks */,
				44FDAB3929DC8F2D00395457 /* Resources */,
			);
			buildRules = (
			);
			dependencies = (
			);
			name = printful_internal;
			packageProductDependencies = (
				443D6B3229E0065A00416579 /* Services */,
				443D6B3D29E00B0700416579 /* SnapKit */,
				443D6B7729E3696D00416579 /* Kingfisher */,
			);
			productName = printful_internal;
			productReference = 44FDAB3B29DC8F2D00395457 /* printful_internal.app */;
			productType = "com.apple.product-type.application";
		};
/* End PBXNativeTarget section */

/* Begin PBXProject section */
		44FDAB3329DC8F2D00395457 /* Project object */ = {
			isa = PBXProject;
			attributes = {
				BuildIndependentTargetsInParallel = 1;
				LastSwiftUpdateCheck = 1410;
				LastUpgradeCheck = 1410;
				TargetAttributes = {
					443D6B6629E3624E00416579 = {
						CreatedOnToolsVersion = 14.1;
						LastSwiftMigration = 1410;
						TestTargetID = 44FDAB3A29DC8F2D00395457;
					};
					44FDAB3A29DC8F2D00395457 = {
						CreatedOnToolsVersion = 14.1;
					};
				};
			};
			buildConfigurationList = 44FDAB3629DC8F2D00395457 /* Build configuration list for PBXProject "printful_internal" */;
			compatibilityVersion = "Xcode 14.0";
			developmentRegion = en;
			hasScannedForEncodings = 0;
			knownRegions = (
				en,
				Base,
			);
			mainGroup = 44FDAB3229DC8F2D00395457;
			packageReferences = (
				443D6B3C29E00B0600416579 /* XCRemoteSwiftPackageReference "SnapKit" */,
				443D6B7629E3696D00416579 /* XCRemoteSwiftPackageReference "Kingfisher" */,
			);
			productRefGroup = 44FDAB3C29DC8F2D00395457 /* Products */;
			projectDirPath = "";
			projectRoot = "";
			targets = (
				44FDAB3A29DC8F2D00395457 /* printful_internal */,
				443D6B6629E3624E00416579 /* Tests */,
			);
		};
/* End PBXProject section */

/* Begin PBXResourcesBuildPhase section */
		443D6B6529E3624E00416579 /* Resources */ = {
			isa = PBXResourcesBuildPhase;
			buildActionMask = 2147483647;
			files = (
			);
			runOnlyForDeploymentPostprocessing = 0;
		};
		44FDAB3929DC8F2D00395457 /* Resources */ = {
			isa = PBXResourcesBuildPhase;
			buildActionMask = 2147483647;
			files = (
				44FDAB4B29DC8F2F00395457 /* LaunchScreen.storyboard in Resources */,
				44FDAB4829DC8F2F00395457 /* Assets.xcassets in Resources */,
			);
			runOnlyForDeploymentPostprocessing = 0;
		};
/* End PBXResourcesBuildPhase section */

/* Begin PBXSourcesBuildPhase section */
		443D6B6329E3624E00416579 /* Sources */ = {
			isa = PBXSourcesBuildPhase;
			buildActionMask = 2147483647;
			files = (
				443D6B7429E362F500416579 /* AddressesHelper.swift in Sources */,
				443D6B7329E3628200416579 /* AddressesHelperTests.swift in Sources */,
			);
			runOnlyForDeploymentPostprocessing = 0;
		};
		44FDAB3729DC8F2D00395457 /* Sources */ = {
			isa = PBXSourcesBuildPhase;
			buildActionMask = 2147483647;
			files = (
				443D6B4029E0115400416579 /* MapViewController.swift in Sources */,
				443D6B4F29E1F79600416579 /* UserAnnotation.swift in Sources */,
				443D6B4729E011A800416579 /* MapResources.swift in Sources */,
				44FDAB3F29DC8F2D00395457 /* AppDelegate.swift in Sources */,
				443D6B5129E1F7CA00416579 /* UserAnnotationView.swift in Sources */,
				443D6B4429E0116300416579 /* MapFactory.swift in Sources */,
				443D6B5529E359A900416579 /* AddressesHelper.swift in Sources */,
				443D6B4229E0115C00416579 /* MapViewModel.swift in Sources */,
			);
			runOnlyForDeploymentPostprocessing = 0;
		};
/* End PBXSourcesBuildPhase section */

/* Begin PBXTargetDependency section */
		443D6B6C29E3624E00416579 /* PBXTargetDependency */ = {
			isa = PBXTargetDependency;
			target = 44FDAB3A29DC8F2D00395457 /* printful_internal */;
			targetProxy = 443D6B6B29E3624E00416579 /* PBXContainerItemProxy */;
		};
/* End PBXTargetDependency section */

/* Begin PBXVariantGroup section */
		44FDAB4929DC8F2F00395457 /* LaunchScreen.storyboard */ = {
			isa = PBXVariantGroup;
			children = (
				44FDAB4A29DC8F2F00395457 /* Base */,
			);
			name = LaunchScreen.storyboard;
			sourceTree = "<group>";
		};
/* End PBXVariantGroup section */

/* Begin XCBuildConfiguration section */
		443D6B6E29E3624E00416579 /* Debug */ = {
			isa = XCBuildConfiguration;
			buildSettings = {
				BUNDLE_LOADER = "$(TEST_HOST)";
				CLANG_ENABLE_MODULES = YES;
				CODE_SIGN_STYLE = Automatic;
				CURRENT_PROJECT_VERSION = 1;
				DEVELOPMENT_TEAM = 37S8MMUAB7;
				GENERATE_INFOPLIST_FILE = YES;
				LD_RUNPATH_SEARCH_PATHS = (
					"$(inherited)",
					"@executable_path/Frameworks",
					"@loader_path/Frameworks",
				);
				MARKETING_VERSION = 1.0;
				PRODUCT_BUNDLE_IDENTIFIER = com.mokhaneugene.Tests;
				PRODUCT_NAME = "$(TARGET_NAME)";
				SWIFT_EMIT_LOC_STRINGS = NO;
				SWIFT_OBJC_BRIDGING_HEADER = "Tests/Helpers/Tests-Bridging-Header.h";
				SWIFT_OPTIMIZATION_LEVEL = "-Onone";
				SWIFT_VERSION = 5.0;
				TARGETED_DEVICE_FAMILY = "1,2";
				TEST_HOST = "$(BUILT_PRODUCTS_DIR)/printful_internal.app/$(BUNDLE_EXECUTABLE_FOLDER_PATH)/printful_internal";
			};
			name = Debug;
		};
		443D6B6F29E3624E00416579 /* Release */ = {
			isa = XCBuildConfiguration;
			buildSettings = {
				BUNDLE_LOADER = "$(TEST_HOST)";
				CLANG_ENABLE_MODULES = YES;
				CODE_SIGN_STYLE = Automatic;
				CURRENT_PROJECT_VERSION = 1;
				DEVELOPMENT_TEAM = 37S8MMUAB7;
				GENERATE_INFOPLIST_FILE = YES;
				LD_RUNPATH_SEARCH_PATHS = (
					"$(inherited)",
					"@executable_path/Frameworks",
					"@loader_path/Frameworks",
				);
				MARKETING_VERSION = 1.0;
				PRODUCT_BUNDLE_IDENTIFIER = com.mokhaneugene.Tests;
				PRODUCT_NAME = "$(TARGET_NAME)";
				SWIFT_EMIT_LOC_STRINGS = NO;
				SWIFT_OBJC_BRIDGING_HEADER = "Tests/Helpers/Tests-Bridging-Header.h";
				SWIFT_VERSION = 5.0;
				TARGETED_DEVICE_FAMILY = "1,2";
				TEST_HOST = "$(BUILT_PRODUCTS_DIR)/printful_internal.app/$(BUNDLE_EXECUTABLE_FOLDER_PATH)/printful_internal";
			};
			name = Release;
		};
		44FDAB4D29DC8F2F00395457 /* Debug */ = {
			isa = XCBuildConfiguration;
			buildSettings = {
				ALWAYS_SEARCH_USER_PATHS = NO;
				CLANG_ANALYZER_NONNULL = YES;
				CLANG_ANALYZER_NUMBER_OBJECT_CONVERSION = YES_AGGRESSIVE;
				CLANG_CXX_LANGUAGE_STANDARD = "gnu++20";
				CLANG_ENABLE_MODULES = YES;
				CLANG_ENABLE_OBJC_ARC = YES;
				CLANG_ENABLE_OBJC_WEAK = YES;
				CLANG_WARN_BLOCK_CAPTURE_AUTORELEASING = YES;
				CLANG_WARN_BOOL_CONVERSION = YES;
				CLANG_WARN_COMMA = YES;
				CLANG_WARN_CONSTANT_CONVERSION = YES;
				CLANG_WARN_DEPRECATED_OBJC_IMPLEMENTATIONS = YES;
				CLANG_WARN_DIRECT_OBJC_ISA_USAGE = YES_ERROR;
				CLANG_WARN_DOCUMENTATION_COMMENTS = YES;
				CLANG_WARN_EMPTY_BODY = YES;
				CLANG_WARN_ENUM_CONVERSION = YES;
				CLANG_WARN_INFINITE_RECURSION = YES;
				CLANG_WARN_INT_CONVERSION = YES;
				CLANG_WARN_NON_LITERAL_NULL_CONVERSION = YES;
				CLANG_WARN_OBJC_IMPLICIT_RETAIN_SELF = YES;
				CLANG_WARN_OBJC_LITERAL_CONVERSION = YES;
				CLANG_WARN_OBJC_ROOT_CLASS = YES_ERROR;
				CLANG_WARN_QUOTED_INCLUDE_IN_FRAMEWORK_HEADER = YES;
				CLANG_WARN_RANGE_LOOP_ANALYSIS = YES;
				CLANG_WARN_STRICT_PROTOTYPES = YES;
				CLANG_WARN_SUSPICIOUS_MOVE = YES;
				CLANG_WARN_UNGUARDED_AVAILABILITY = YES_AGGRESSIVE;
				CLANG_WARN_UNREACHABLE_CODE = YES;
				CLANG_WARN__DUPLICATE_METHOD_MATCH = YES;
				COPY_PHASE_STRIP = NO;
				DEBUG_INFORMATION_FORMAT = dwarf;
				ENABLE_STRICT_OBJC_MSGSEND = YES;
				ENABLE_TESTABILITY = YES;
				GCC_C_LANGUAGE_STANDARD = gnu11;
				GCC_DYNAMIC_NO_PIC = NO;
				GCC_NO_COMMON_BLOCKS = YES;
				GCC_OPTIMIZATION_LEVEL = 0;
				GCC_PREPROCESSOR_DEFINITIONS = (
					"DEBUG=1",
					"$(inherited)",
				);
				GCC_WARN_64_TO_32_BIT_CONVERSION = YES;
				GCC_WARN_ABOUT_RETURN_TYPE = YES_ERROR;
				GCC_WARN_UNDECLARED_SELECTOR = YES;
				GCC_WARN_UNINITIALIZED_AUTOS = YES_AGGRESSIVE;
				GCC_WARN_UNUSED_FUNCTION = YES;
				GCC_WARN_UNUSED_VARIABLE = YES;
				IPHONEOS_DEPLOYMENT_TARGET = 16.1;
				MTL_ENABLE_DEBUG_INFO = INCLUDE_SOURCE;
				MTL_FAST_MATH = YES;
				ONLY_ACTIVE_ARCH = YES;
				SDKROOT = iphoneos;
				SWIFT_ACTIVE_COMPILATION_CONDITIONS = DEBUG;
				SWIFT_OPTIMIZATION_LEVEL = "-Onone";
			};
			name = Debug;
		};
		44FDAB4E29DC8F2F00395457 /* Release */ = {
			isa = XCBuildConfiguration;
			buildSettings = {
				ALWAYS_SEARCH_USER_PATHS = NO;
				CLANG_ANALYZER_NONNULL = YES;
				CLANG_ANALYZER_NUMBER_OBJECT_CONVERSION = YES_AGGRESSIVE;
				CLANG_CXX_LANGUAGE_STANDARD = "gnu++20";
				CLANG_ENABLE_MODULES = YES;
				CLANG_ENABLE_OBJC_ARC = YES;
				CLANG_ENABLE_OBJC_WEAK = YES;
				CLANG_WARN_BLOCK_CAPTURE_AUTORELEASING = YES;
				CLANG_WARN_BOOL_CONVERSION = YES;
				CLANG_WARN_COMMA = YES;
				CLANG_WARN_CONSTANT_CONVERSION = YES;
				CLANG_WARN_DEPRECATED_OBJC_IMPLEMENTATIONS = YES;
				CLANG_WARN_DIRECT_OBJC_ISA_USAGE = YES_ERROR;
				CLANG_WARN_DOCUMENTATION_COMMENTS = YES;
				CLANG_WARN_EMPTY_BODY = YES;
				CLANG_WARN_ENUM_CONVERSION = YES;
				CLANG_WARN_INFINITE_RECURSION = YES;
				CLANG_WARN_INT_CONVERSION = YES;
				CLANG_WARN_NON_LITERAL_NULL_CONVERSION = YES;
				CLANG_WARN_OBJC_IMPLICIT_RETAIN_SELF = YES;
				CLANG_WARN_OBJC_LITERAL_CONVERSION = YES;
				CLANG_WARN_OBJC_ROOT_CLASS = YES_ERROR;
				CLANG_WARN_QUOTED_INCLUDE_IN_FRAMEWORK_HEADER = YES;
				CLANG_WARN_RANGE_LOOP_ANALYSIS = YES;
				CLANG_WARN_STRICT_PROTOTYPES = YES;
				CLANG_WARN_SUSPICIOUS_MOVE = YES;
				CLANG_WARN_UNGUARDED_AVAILABILITY = YES_AGGRESSIVE;
				CLANG_WARN_UNREACHABLE_CODE = YES;
				CLANG_WARN__DUPLICATE_METHOD_MATCH = YES;
				COPY_PHASE_STRIP = NO;
				DEBUG_INFORMATION_FORMAT = "dwarf-with-dsym";
				ENABLE_NS_ASSERTIONS = NO;
				ENABLE_STRICT_OBJC_MSGSEND = YES;
				GCC_C_LANGUAGE_STANDARD = gnu11;
				GCC_NO_COMMON_BLOCKS = YES;
				GCC_WARN_64_TO_32_BIT_CONVERSION = YES;
				GCC_WARN_ABOUT_RETURN_TYPE = YES_ERROR;
				GCC_WARN_UNDECLARED_SELECTOR = YES;
				GCC_WARN_UNINITIALIZED_AUTOS = YES_AGGRESSIVE;
				GCC_WARN_UNUSED_FUNCTION = YES;
				GCC_WARN_UNUSED_VARIABLE = YES;
				IPHONEOS_DEPLOYMENT_TARGET = 16.1;
				MTL_ENABLE_DEBUG_INFO = NO;
				MTL_FAST_MATH = YES;
				SDKROOT = iphoneos;
				SWIFT_COMPILATION_MODE = wholemodule;
				SWIFT_OPTIMIZATION_LEVEL = "-O";
				VALIDATE_PRODUCT = YES;
			};
			name = Release;
		};
		44FDAB5029DC8F2F00395457 /* Debug */ = {
			isa = XCBuildConfiguration;
			buildSettings = {
				ASSETCATALOG_COMPILER_APPICON_NAME = AppIcon;
				ASSETCATALOG_COMPILER_GLOBAL_ACCENT_COLOR_NAME = AccentColor;
				CODE_SIGN_STYLE = Automatic;
				CURRENT_PROJECT_VERSION = 1;
				DEVELOPMENT_TEAM = 37S8MMUAB7;
				GENERATE_INFOPLIST_FILE = YES;
				INFOPLIST_FILE = printful_internal/Info.plist;
				INFOPLIST_KEY_UIApplicationSupportsIndirectInputEvents = YES;
				INFOPLIST_KEY_UILaunchStoryboardName = LaunchScreen;
				INFOPLIST_KEY_UISupportedInterfaceOrientations = UIInterfaceOrientationPortrait;
				IPHONEOS_DEPLOYMENT_TARGET = 13.0;
				LD_RUNPATH_SEARCH_PATHS = (
					"$(inherited)",
					"@executable_path/Frameworks",
				);
				MARKETING_VERSION = 1.0;
				PRODUCT_BUNDLE_IDENTIFIER = "com.mokhaneugene.printful-internal";
				PRODUCT_NAME = "$(TARGET_NAME)";
				SUPPORTED_PLATFORMS = "iphoneos iphonesimulator";
				SUPPORTS_MACCATALYST = NO;
				SUPPORTS_MAC_DESIGNED_FOR_IPHONE_IPAD = NO;
				SWIFT_EMIT_LOC_STRINGS = YES;
				SWIFT_VERSION = 5.0;
				TARGETED_DEVICE_FAMILY = 1;
			};
			name = Debug;
		};
		44FDAB5129DC8F2F00395457 /* Release */ = {
			isa = XCBuildConfiguration;
			buildSettings = {
				ASSETCATALOG_COMPILER_APPICON_NAME = AppIcon;
				ASSETCATALOG_COMPILER_GLOBAL_ACCENT_COLOR_NAME = AccentColor;
				CODE_SIGN_STYLE = Automatic;
				CURRENT_PROJECT_VERSION = 1;
				DEVELOPMENT_TEAM = 37S8MMUAB7;
				GENERATE_INFOPLIST_FILE = YES;
				INFOPLIST_FILE = printful_internal/Info.plist;
				INFOPLIST_KEY_UIApplicationSupportsIndirectInputEvents = YES;
				INFOPLIST_KEY_UILaunchStoryboardName = LaunchScreen;
				INFOPLIST_KEY_UISupportedInterfaceOrientations = UIInterfaceOrientationPortrait;
				IPHONEOS_DEPLOYMENT_TARGET = 13.0;
				LD_RUNPATH_SEARCH_PATHS = (
					"$(inherited)",
					"@executable_path/Frameworks",
				);
				MARKETING_VERSION = 1.0;
				PRODUCT_BUNDLE_IDENTIFIER = "com.mokhaneugene.printful-internal";
				PRODUCT_NAME = "$(TARGET_NAME)";
				SUPPORTED_PLATFORMS = "iphoneos iphonesimulator";
				SUPPORTS_MACCATALYST = NO;
				SUPPORTS_MAC_DESIGNED_FOR_IPHONE_IPAD = NO;
				SWIFT_EMIT_LOC_STRINGS = YES;
				SWIFT_VERSION = 5.0;
				TARGETED_DEVICE_FAMILY = 1;
			};
			name = Release;
		};
/* End XCBuildConfiguration section */

/* Begin XCConfigurationList section */
		443D6B6D29E3624E00416579 /* Build configuration list for PBXNativeTarget "Tests" */ = {
			isa = XCConfigurationList;
			buildConfigurations = (
				443D6B6E29E3624E00416579 /* Debug */,
				443D6B6F29E3624E00416579 /* Release */,
			);
			defaultConfigurationIsVisible = 0;
			defaultConfigurationName = Release;
		};
		44FDAB3629DC8F2D00395457 /* Build configuration list for PBXProject "printful_internal" */ = {
			isa = XCConfigurationList;
			buildConfigurations = (
				44FDAB4D29DC8F2F00395457 /* Debug */,
				44FDAB4E29DC8F2F00395457 /* Release */,
			);
			defaultConfigurationIsVisible = 0;
			defaultConfigurationName = Release;
		};
		44FDAB4F29DC8F2F00395457 /* Build configuration list for PBXNativeTarget "printful_internal" */ = {
			isa = XCConfigurationList;
			buildConfigurations = (
				44FDAB5029DC8F2F00395457 /* Debug */,
				44FDAB5129DC8F2F00395457 /* Release */,
			);
			defaultConfigurationIsVisible = 0;
			defaultConfigurationName = Release;
		};
/* End XCConfigurationList section */

/* Begin XCRemoteSwiftPackageReference section */
		443D6B3C29E00B0600416579 /* XCRemoteSwiftPackageReference "SnapKit" */ = {
			isa = XCRemoteSwiftPackageReference;
			repositoryURL = "https://github.com/SnapKit/SnapKit.git";
			requirement = {
				kind = upToNextMajorVersion;
				minimumVersion = 5.0.1;
			};
		};
		443D6B7629E3696D00416579 /* XCRemoteSwiftPackageReference "Kingfisher" */ = {
			isa = XCRemoteSwiftPackageReference;
			repositoryURL = "https://github.com/onevcat/Kingfisher.git";
			requirement = {
				kind = upToNextMajorVersion;
				minimumVersion = 7.0.0;
			};
		};
/* End XCRemoteSwiftPackageReference section */

/* Begin XCSwiftPackageProductDependency section */
		443D6B3229E0065A00416579 /* Services */ = {
			isa = XCSwiftPackageProductDependency;
			productName = Services;
		};
		443D6B3D29E00B0700416579 /* SnapKit */ = {
			isa = XCSwiftPackageProductDependency;
			package = 443D6B3C29E00B0600416579 /* XCRemoteSwiftPackageReference "SnapKit" */;
			productName = SnapKit;
		};
		443D6B7729E3696D00416579 /* Kingfisher */ = {
			isa = XCSwiftPackageProductDependency;
			package = 443D6B7629E3696D00416579 /* XCRemoteSwiftPackageReference "Kingfisher" */;
			productName = Kingfisher;
		};
/* End XCSwiftPackageProductDependency section */
	};
	rootObject = 44FDAB3329DC8F2D00395457 /* Project object */;
}
